<?xml version="1.0" encoding="utf-8"?>
<Project ToolsVersion="4.0" xmlns="http://schemas.microsoft.com/developer/msbuild/2003">
  <ItemGroup>
    <ClCompile Include="Application.cpp">
      <Filter>Source Files</Filter>
    </ClCompile>
    <ClCompile Include="sim\ComputeSimulation.cpp">
      <Filter>Source Files</Filter>
    </ClCompile>
    <ClCompile Include="gl\Framebuffer.cpp">
      <Filter>Source Files</Filter>
    </ClCompile>
    <ClCompile Include="gl\GLBuffer.cpp">
      <Filter>Source Files</Filter>
    </ClCompile>
    <ClCompile Include="gui\GUILayer.cpp">
      <Filter>Source Files</Filter>
    </ClCompile>
    <ClCompile Include="main.cpp">
      <Filter>Source Files</Filter>
    </ClCompile>
    <ClCompile Include="gl\Shader.cpp">
      <Filter>Source Files</Filter>
    </ClCompile>
    <ClCompile Include="Window.cpp">
      <Filter>Source Files</Filter>
    </ClCompile>
    <ClCompile Include="sim\SimulationManager.cpp">
      <Filter>Source Files</Filter>
    </ClCompile>
    <ClCompile Include="gl\FullscreenQuad.cpp">
      <Filter>Source Files</Filter>
    </ClCompile>
  </ItemGroup>
  <ItemGroup>
    <ClInclude Include="Application.h">
      <Filter>Header Files</Filter>
    </ClInclude>
    <ClInclude Include="sim\ComputeSimulation.h">
      <Filter>Header Files</Filter>
    </ClInclude>
    <ClInclude Include="gl\Framebuffer.h">
      <Filter>Header Files</Filter>
    </ClInclude>
    <ClInclude Include="gl\GLBuffer.h">
      <Filter>Header Files</Filter>
    </ClInclude>
    <ClInclude Include="gui\GUILayer.h">
      <Filter>Header Files</Filter>
    </ClInclude>
    <ClInclude Include="sim\ISimulation.h">
      <Filter>Header Files</Filter>
    </ClInclude>
    <ClInclude Include="gl\Shader.h">
      <Filter>Header Files</Filter>
    </ClInclude>
    <ClInclude Include="Window.h">
      <Filter>Header Files</Filter>
    </ClInclude>
    <ClInclude Include="sim\SimulationManager.h">
      <Filter>Header Files</Filter>
    </ClInclude>
    <ClInclude Include="gl\FullscreenQuad.h">
      <Filter>Header Files</Filter>
    </ClInclude>
  </ItemGroup>
  <ItemGroup>
    <Filter Include="Source Files">
      <UniqueIdentifier>{a9114627-2451-4025-900a-fa118a10a2c4}</UniqueIdentifier>
    </Filter>
    <Filter Include="Header Files">
      <UniqueIdentifier>{40156710-f014-4c7e-b6a1-45a74a3d3a10}</UniqueIdentifier>
    </Filter>
    <Filter Include="Resource Files">
      <UniqueIdentifier>{c3bd6a4a-6117-41d9-8b16-5d8aafcdfccc}</UniqueIdentifier>
    </Filter>
    <Filter Include="Resource Files\Shaders">
      <UniqueIdentifier>{9321497b-03a6-4095-8c64-3f8b5540c8f5}</UniqueIdentifier>
    </Filter>
  </ItemGroup>
  <ItemGroup>
    <None Include="shaders\compute_diffusion.comp.glsl">
      <Filter>Resource Files\Shaders</Filter>
    </None>
    <None Include="shaders\display.frag.glsl">
      <Filter>Resource Files\Shaders</Filter>
    </None>
    <None Include="shaders\fullscreen_quad.vert.glsl">
      <Filter>Resource Files\Shaders</Filter>
    </None>
  </ItemGroup>
</Project>